
Microsoft Visual Studio Solution File, Format Version 12.00
# Visual Studio 15
Project("{FAE04EC0-301F-11D3-BF4B-00C04F79EFBC}") = "UnityEngine.UI", "UnityEngine.UI.csproj", "{AA7FBE64-263B-B346-8B6F-B22BC997286A}"
EndProject
Project("{FAE04EC0-301F-11D3-BF4B-00C04F79EFBC}") = "Unity.RenderPipelines.Core.Runtime", "Unity.RenderPipelines.Core.Runtime.csproj", "{940DF12D-5F2C-FAAB-EC73-4A59A359D8EF}"
EndProject
Project("{FAE04EC0-301F-11D3-BF4B-00C04F79EFBC}") = "Unity.RenderPipelines.HighDefinition.Runtime", "Unity.RenderPipelines.HighDefinition.Runtime.csproj", "{EF8E93E1-3197-8683-8852-87AB089974DF}"
EndProject
Project("{FAE04EC0-301F-11D3-BF4B-00C04F79EFBC}") = "UnityEngine.TestRunner", "UnityEngine.TestRunner.csproj", "{43518D8F-5CAD-4E37-F694-CC117FC5F522}"
EndProject
Project("{FAE04EC0-301F-11D3-BF4B-00C04F79EFBC}") = "Unity.Services.Core.Telemetry", "Unity.Services.Core.Telemetry.csproj", "{FA7B7F49-4FFD-A1B7-E62A-19F678F313E5}"
EndProject
Project("{FAE04EC0-301F-11D3-BF4B-00C04F79EFBC}") = "Unity.VisualScripting.State", "Unity.VisualScripting.State.csproj", "{C0C11985-56F0-8FD5-57AF-CAE165BD9F02}"
EndProject
Project("{FAE04EC0-301F-11D3-BF4B-00C04F79EFBC}") = "Unity.VisualScripting.Flow", "Unity.VisualScripting.Flow.csproj", "{04657E3B-3104-9E9A-640F-728054344AC5}"
EndProject
Project("{FAE04EC0-301F-11D3-BF4B-00C04F79EFBC}") = "Unity.VisualScripting.Core", "Unity.VisualScripting.Core.csproj", "{09D2AED7-FC0C-016E-9A8F-E25EDD6229CE}"
EndProject
Project("{FAE04EC0-301F-11D3-BF4B-00C04F79EFBC}") = "Unity.Services.Core.Environments.Internal", "Unity.Services.Core.Environments.Internal.csproj", "{5794A17B-DB75-AC83-36EC-58DF6261CE61}"
EndProject
Project("{FAE04EC0-301F-11D3-BF4B-00C04F79EFBC}") = "Unity.TextMeshPro", "Unity.TextMeshPro.csproj", "{D79F31A1-6ED5-F452-4C46-FAB241397B09}"
EndProject
Project("{FAE04EC0-301F-11D3-BF4B-00C04F79EFBC}") = "Unity.Burst", "Unity.Burst.csproj", "{C9E67C8E-B3C5-00C9-8692-18321BB1316F}"
EndProject
Project("{FAE04EC0-301F-11D3-BF4B-00C04F79EFBC}") = "Assembly-CSharp", "Assembly-CSharp.csproj", "{5BABFF21-E2E5-5B71-82CC-18D58FA33791}"
EndProject
Project("{FAE04EC0-301F-11D3-BF4B-00C04F79EFBC}") = "Unity.Services.Core.Environments", "Unity.Services.Core.Environments.csproj", "{88010452-D432-C8BA-D8FD-D6A80EAD9614}"
EndProject
Project("{FAE04EC0-301F-11D3-BF4B-00C04F79EFBC}") = "Unity.Services.Core.Internal", "Unity.Services.Core.Internal.csproj", "{FE707390-3B54-5A2A-9471-30D495163943}"
EndProject
Project("{FAE04EC0-301F-11D3-BF4B-00C04F79EFBC}") = "Unity.Timeline", "Unity.Timeline.csproj", "{61B57F9B-1BC4-FA84-0864-C190060C31D9}"
EndProject
Project("{FAE04EC0-301F-11D3-BF4B-00C04F79EFBC}") = "Unity.Mathematics", "Unity.Mathematics.csproj", "{99964725-935A-4230-04DF-13581DE9F3F8}"
EndProject
Project("{FAE04EC0-301F-11D3-BF4B-00C04F79EFBC}") = "Unity.VisualEffectGraph.Runtime", "Unity.VisualEffectGraph.Runtime.csproj", "{21FBCE94-060C-3591-E157-FB6F6956FE08}"
EndProject
Project("{FAE04EC0-301F-11D3-BF4B-00C04F79EFBC}") = "Unity.Services.Core.Scheduler", "Unity.Services.Core.Scheduler.csproj", "{026E3F0D-5560-A493-0B47-092C8F0EC86B}"
EndProject
Project("{FAE04EC0-301F-11D3-BF4B-00C04F79EFBC}") = "Unity.Services.Core.Device", "Unity.Services.Core.Device.csproj", "{BD41BC74-6664-5EFE-C905-B922B176B7DE}"
EndProject
Project("{FAE04EC0-301F-11D3-BF4B-00C04F79EFBC}") = "Unity.Services.Core.Analytics", "Unity.Services.Core.Analytics.csproj", "{7E4DA9C0-83D6-3C53-5E62-4E2B998217C1}"
EndProject
Project("{FAE04EC0-301F-11D3-BF4B-00C04F79EFBC}") = "Unity.Services.Core.Threading", "Unity.Services.Core.Threading.csproj", "{A10749AA-0647-AC6B-98CA-C208AEE1007B}"
EndProject
Project("{FAE04EC0-301F-11D3-BF4B-00C04F79EFBC}") = "Unity.Services.Core.Configuration", "Unity.Services.Core.Configuration.csproj", "{6C37FD7D-0E7B-BCC5-8E14-42FC875EE6C3}"
EndProject
Project("{FAE04EC0-301F-11D3-BF4B-00C04F79EFBC}") = "Unity.Services.Core", "Unity.Services.Core.csproj", "{FC36C345-BAA9-B94E-6E98-107D309B3385}"
EndProject
Project("{FAE04EC0-301F-11D3-BF4B-00C04F79EFBC}") = "Unity.Services.Core.Networking", "Unity.Services.Core.Networking.csproj", "{5536BB61-CD7C-1CDB-AEC1-4869F8FBE4B9}"
EndProject
Project("{FAE04EC0-301F-11D3-BF4B-00C04F79EFBC}") = "Unity.Services.Core.Registration", "Unity.Services.Core.Registration.csproj", "{3A3BA486-61D3-8608-AD87-D69E18DE5E2E}"
EndProject
Project("{FAE04EC0-301F-11D3-BF4B-00C04F79EFBC}") = "Unity.RenderPipelines.ShaderGraph.ShaderGraphLibrary", "Unity.RenderPipelines.ShaderGraph.ShaderGraphLibrary.csproj", "{FDA64EB8-0BBA-04B9-5E43-76CF64FB4E43}"
EndProject
Project("{FAE04EC0-301F-11D3-BF4B-00C04F79EFBC}") = "Unity.RenderPipelines.Core.ShaderLibrary", "Unity.RenderPipelines.Core.ShaderLibrary.csproj", "{915BE21A-C85C-F529-C213-E322B459AE4E}"
EndProject
Project("{FAE04EC0-301F-11D3-BF4B-00C04F79EFBC}") = "Unity.RenderPipelines.HighDefinition.Config.Runtime", "Unity.RenderPipelines.HighDefinition.Config.Runtime.csproj", "{5692A7BB-9108-3ECB-D967-A4AAA14AA589}"
EndProject
Project("{FAE04EC0-301F-11D3-BF4B-00C04F79EFBC}") = "Unity.PlasticSCM.Editor", "Unity.PlasticSCM.Editor.csproj", "{2A4988C9-01A7-FD4A-FC49-2C64B86C90A5}"
EndProject
Project("{FAE04EC0-301F-11D3-BF4B-00C04F79EFBC}") = "Unity.VisualScripting.Core.Editor", "Unity.VisualScripting.Core.Editor.csproj", "{7CC51042-7BAE-98FD-9E41-A7B78259069A}"
EndProject
Project("{FAE04EC0-301F-11D3-BF4B-00C04F79EFBC}") = "Unity.ShaderGraph.Editor", "Unity.ShaderGraph.Editor.csproj", "{986A5978-5564-B015-6FF5-BE0F470BEB47}"
EndProject
Project("{FAE04EC0-301F-11D3-BF4B-00C04F79EFBC}") = "Unity.Timeline.Editor", "Unity.Timeline.Editor.csproj", "{00D99080-D72D-4EFA-9B01-0BDA5972913D}"
EndProject
Project("{FAE04EC0-301F-11D3-BF4B-00C04F79EFBC}") = "Unity.VisualEffectGraph.Editor", "Unity.VisualEffectGraph.Editor.csproj", "{7523D5AB-96B5-C590-DA1E-4A9931816A18}"
EndProject
Project("{FAE04EC0-301F-11D3-BF4B-00C04F79EFBC}") = "Unity.TextMeshPro.Editor", "Unity.TextMeshPro.Editor.csproj", "{FD50044D-CBDA-EA46-ECA7-2CF68F888C15}"
EndProject
Project("{FAE04EC0-301F-11D3-BF4B-00C04F79EFBC}") = "Unity.VisualScripting.SettingsProvider.Editor", "Unity.VisualScripting.SettingsProvider.Editor.csproj", "{EE62033F-C5BF-6E15-8AC7-1FF1F50F8C3B}"
EndProject
Project("{FAE04EC0-301F-11D3-BF4B-00C04F79EFBC}") = "Unity.RenderPipelines.HighDefinition.Editor", "Unity.RenderPipelines.HighDefinition.Editor.csproj", "{AAAFF7C4-5996-888F-E291-8C02E7BBE18E}"
EndProject
Project("{FAE04EC0-301F-11D3-BF4B-00C04F79EFBC}") = "UnityEditor.TestRunner", "UnityEditor.TestRunner.csproj", "{00749452-1692-F834-7000-B3B5747BFBAB}"
EndProject
Project("{FAE04EC0-301F-11D3-BF4B-00C04F79EFBC}") = "Unity.TestTools.CodeCoverage.Editor", "Unity.TestTools.CodeCoverage.Editor.csproj", "{FCEC6B23-7BE1-738C-E8EF-990894DC9A0D}"
EndProject
Project("{FAE04EC0-301F-11D3-BF4B-00C04F79EFBC}") = "Unity.VisualScripting.Flow.Editor", "Unity.VisualScripting.Flow.Editor.csproj", "{D502E2FE-B17B-985F-F820-7DEEF26523CC}"
EndProject
Project("{FAE04EC0-301F-11D3-BF4B-00C04F79EFBC}") = "Unity.Rider.Editor", "Unity.Rider.Editor.csproj", "{BCB2C808-8353-ED0B-3F10-BAFA344A670B}"
EndProject
Project("{FAE04EC0-301F-11D3-BF4B-00C04F79EFBC}") = "Unity.CollabProxy.Editor", "Unity.CollabProxy.Editor.csproj", "{A849555D-174F-A8F4-DA8A-27CA8FE195B3}"
EndProject
Project("{FAE04EC0-301F-11D3-BF4B-00C04F79EFBC}") = "Unity.Performance.Profile-Analyzer.Editor", "Unity.Performance.Profile-Analyzer.Editor.csproj", "{B6E3EDDD-FDE0-8BD6-F9BD-3BCE62F13F2D}"
EndProject
Project("{FAE04EC0-301F-11D3-BF4B-00C04F79EFBC}") = "Unity.RenderPipelines.Core.Editor", "Unity.RenderPipelines.Core.Editor.csproj", "{4AE16C37-10D6-CAD6-0484-7724ED834DD0}"
EndProject
Project("{FAE04EC0-301F-11D3-BF4B-00C04F79EFBC}") = "Unity.Services.Core.Editor", "Unity.Services.Core.Editor.csproj", "{F9455158-3C93-C1C7-E5AE-E45C6049B029}"
EndProject
Project("{FAE04EC0-301F-11D3-BF4B-00C04F79EFBC}") = "Unity.Burst.CodeGen", "Unity.Burst.CodeGen.csproj", "{A5C590E4-D3E9-1196-BCDA-02206CB686CE}"
EndProject
Project("{FAE04EC0-301F-11D3-BF4B-00C04F79EFBC}") = "Unity.VSCode.Editor", "Unity.VSCode.Editor.csproj", "{496CACE7-2C76-739D-CE6A-1F3815577E7E}"
EndProject
Project("{FAE04EC0-301F-11D3-BF4B-00C04F79EFBC}") = "Unity.VisualStudio.Editor", "Unity.VisualStudio.Editor.csproj", "{BD19D064-57A1-840D-AC65-3F62C542EE8D}"
EndProject
Project("{FAE04EC0-301F-11D3-BF4B-00C04F79EFBC}") = "Unity.TestTools.CodeCoverage.Editor.OpenCover.Model", "Unity.TestTools.CodeCoverage.Editor.OpenCover.Model.csproj", "{9597AABB-60F5-1EBD-4B4D-CADE177B71B6}"
EndProject
Project("{FAE04EC0-301F-11D3-BF4B-00C04F79EFBC}") = "Unity.Settings.Editor", "Unity.Settings.Editor.csproj", "{CE24A7B7-3D99-57F2-4E5A-7006BB79E164}"
EndProject
Project("{FAE04EC0-301F-11D3-BF4B-00C04F79EFBC}") = "Unity.VisualScripting.State.Editor", "Unity.VisualScripting.State.Editor.csproj", "{CE0DF995-DDBB-850B-C489-D847C480DC5A}"
EndProject
Project("{FAE04EC0-301F-11D3-BF4B-00C04F79EFBC}") = "UnityEditor.UI", "UnityEditor.UI.csproj", "{6E843F17-B532-1954-F68E-6AA876C2E083}"
EndProject
Project("{FAE04EC0-301F-11D3-BF4B-00C04F79EFBC}") = "Unity.Searcher.Editor", "Unity.Searcher.Editor.csproj", "{8F87EF68-C776-06B4-4CA0-CA9B73897EB8}"
EndProject
Project("{FAE04EC0-301F-11D3-BF4B-00C04F79EFBC}") = "Unity.Services.Core.Configuration.Editor", "Unity.Services.Core.Configuration.Editor.csproj", "{3DAEAF17-2B86-BAB9-7F0C-2B866BF735E6}"
EndProject
Project("{FAE04EC0-301F-11D3-BF4B-00C04F79EFBC}") = "Unity.Burst.Editor", "Unity.Burst.Editor.csproj", "{B1644C8B-0795-0148-33A5-12C1FEE403C1}"
EndProject
Project("{FAE04EC0-301F-11D3-BF4B-00C04F79EFBC}") = "Unity.ShaderGraph.Utilities", "Unity.ShaderGraph.Utilities.csproj", "{B4B2EC7F-A334-C3F0-3555-E6CBDB47E6F5}"
EndProject
Project("{FAE04EC0-301F-11D3-BF4B-00C04F79EFBC}") = "Unity.Mathematics.Editor", "Unity.Mathematics.Editor.csproj", "{A056CEF8-2FB0-6F16-1360-3CF87DEB353F}"
EndProject
Project("{FAE04EC0-301F-11D3-BF4B-00C04F79EFBC}") = "Unity.TestTools.CodeCoverage.Editor.OpenCover.Mono.Reflection", "Unity.TestTools.CodeCoverage.Editor.OpenCover.Mono.Reflection.csproj", "{6A9B37AA-0F28-16E8-9E0F-902F5DB5E600}"
EndProject
Project("{FAE04EC0-301F-11D3-BF4B-00C04F79EFBC}") = "Unity.EditorCoroutines.Editor", "Unity.EditorCoroutines.Editor.csproj", "{C99F5120-26A4-64BB-91D6-13AB32CBCF16}"
EndProject
Project("{FAE04EC0-301F-11D3-BF4B-00C04F79EFBC}") = "Unity.VisualScripting.Shared.Editor", "Unity.VisualScripting.Shared.Editor.csproj", "{F3E3AEC4-8DE7-3273-4167-F4BE82408075}"
EndProject
Project("{FAE04EC0-301F-11D3-BF4B-00C04F79EFBC}") = "UnityEngine.UI", "UnityEngine.UI.Player.csproj", "{AD202DD3-0EE8-480C-1BDF-BC92000E2BCD}"
EndProject
Project("{FAE04EC0-301F-11D3-BF4B-00C04F79EFBC}") = "Unity.RenderPipelines.Core.Runtime", "Unity.RenderPipelines.Core.Runtime.Player.csproj", "{19788956-2878-CB7B-398E-DC486DB5CA67}"
EndProject
Project("{FAE04EC0-301F-11D3-BF4B-00C04F79EFBC}") = "Unity.RenderPipelines.HighDefinition.Runtime", "Unity.RenderPipelines.HighDefinition.Runtime.Player.csproj", "{92647989-E7C8-12E2-C4CD-3EA463FBA4D3}"
EndProject
Project("{FAE04EC0-301F-11D3-BF4B-00C04F79EFBC}") = "UnityEngine.TestRunner", "UnityEngine.TestRunner.Player.csproj", "{9F35BD4D-AD5E-EC11-870C-1DB1B9C34258}"
EndProject
Project("{FAE04EC0-301F-11D3-BF4B-00C04F79EFBC}") = "Unity.Services.Core.Telemetry", "Unity.Services.Core.Telemetry.Player.csproj", "{51716484-B1DD-09DA-9C12-2C2F222DB51F}"
EndProject
Project("{FAE04EC0-301F-11D3-BF4B-00C04F79EFBC}") = "Unity.VisualScripting.State", "Unity.VisualScripting.State.Player.csproj", "{490F4160-A9D1-2962-BA30-74BA0BD593EF}"
EndProject
Project("{FAE04EC0-301F-11D3-BF4B-00C04F79EFBC}") = "Unity.VisualScripting.Flow", "Unity.VisualScripting.Flow.Player.csproj", "{93BB2CD6-503A-A011-DE7C-775580963D03}"
EndProject
Project("{FAE04EC0-301F-11D3-BF4B-00C04F79EFBC}") = "Unity.VisualScripting.Core", "Unity.VisualScripting.Core.Player.csproj", "{E0FC55E3-C262-BDD9-9ADB-6F25CCB8D0A2}"
EndProject
Project("{FAE04EC0-301F-11D3-BF4B-00C04F79EFBC}") = "Unity.Services.Core.Environments.Internal", "Unity.Services.Core.Environments.Internal.Player.csproj", "{7673A60E-55D8-07B5-C402-C466A441AFFB}"
EndProject
Project("{FAE04EC0-301F-11D3-BF4B-00C04F79EFBC}") = "Unity.TextMeshPro", "Unity.TextMeshPro.Player.csproj", "{E1D580A6-590B-14D6-E8AF-9E58A519E6C3}"
EndProject
Project("{FAE04EC0-301F-11D3-BF4B-00C04F79EFBC}") = "Unity.Burst", "Unity.Burst.Player.csproj", "{CDF7C45B-233F-2A47-2727-90BB15271009}"
EndProject
Project("{FAE04EC0-301F-11D3-BF4B-00C04F79EFBC}") = "Assembly-CSharp", "Assembly-CSharp.Player.csproj", "{9F8C4208-BC93-E4A2-C03A-90453E3D6522}"
EndProject
Project("{FAE04EC0-301F-11D3-BF4B-00C04F79EFBC}") = "Unity.Services.Core.Environments", "Unity.Services.Core.Environments.Player.csproj", "{44023829-B142-F6B2-3715-E6392837564F}"
EndProject
Project("{FAE04EC0-301F-11D3-BF4B-00C04F79EFBC}") = "Unity.Services.Core.Internal", "Unity.Services.Core.Internal.Player.csproj", "{A3C67020-C946-FC83-0F27-874A304F8FBD}"
EndProject
Project("{FAE04EC0-301F-11D3-BF4B-00C04F79EFBC}") = "Unity.Timeline", "Unity.Timeline.Player.csproj", "{68833C0F-2ACA-B502-B44B-A85C4F9234C8}"
EndProject
Project("{FAE04EC0-301F-11D3-BF4B-00C04F79EFBC}") = "Unity.Mathematics", "Unity.Mathematics.Player.csproj", "{EB3AB563-FC25-B5FB-5ACD-98EB93B7A275}"
EndProject
Project("{FAE04EC0-301F-11D3-BF4B-00C04F79EFBC}") = "Unity.VisualEffectGraph.Runtime", "Unity.VisualEffectGraph.Runtime.Player.csproj", "{354FCA66-BCA8-E263-0B9E-615AEB5FA520}"
EndProject
Project("{FAE04EC0-301F-11D3-BF4B-00C04F79EFBC}") = "Unity.Services.Core.Scheduler", "Unity.Services.Core.Scheduler.Player.csproj", "{9C1CE29F-E75A-0A4A-FF15-0F30D0DC38AB}"
EndProject
Project("{FAE04EC0-301F-11D3-BF4B-00C04F79EFBC}") = "Unity.Services.Core.Device", "Unity.Services.Core.Device.Player.csproj", "{654CB987-1505-EFF2-1ADE-2E52124AB439}"
EndProject
Project("{FAE04EC0-301F-11D3-BF4B-00C04F79EFBC}") = "Unity.Services.Core.Analytics", "Unity.Services.Core.Analytics.Player.csproj", "{9F6AE9F8-76BE-2666-A03D-49EAC402CF09}"
EndProject
Project("{FAE04EC0-301F-11D3-BF4B-00C04F79EFBC}") = "Unity.Services.Core.Threading", "Unity.Services.Core.Threading.Player.csproj", "{21D2B91B-B6E3-2465-B0AA-4E191CBA143D}"
EndProject
Project("{FAE04EC0-301F-11D3-BF4B-00C04F79EFBC}") = "Unity.Services.Core.Configuration", "Unity.Services.Core.Configuration.Player.csproj", "{996AF9F4-EC47-7C54-0C7A-51C7D68F9369}"
EndProject
Project("{FAE04EC0-301F-11D3-BF4B-00C04F79EFBC}") = "Unity.Services.Core", "Unity.Services.Core.Player.csproj", "{9EF39006-E07F-5884-91E7-B8E01F30AC86}"
EndProject
Project("{FAE04EC0-301F-11D3-BF4B-00C04F79EFBC}") = "Unity.Services.Core.Networking", "Unity.Services.Core.Networking.Player.csproj", "{A2D44B8B-DFAE-C1C9-2CDE-E1BF13A6253E}"
EndProject
Project("{FAE04EC0-301F-11D3-BF4B-00C04F79EFBC}") = "Unity.Services.Core.Registration", "Unity.Services.Core.Registration.Player.csproj", "{22402472-3F4F-58E0-2408-61C36C0C5FCF}"
EndProject
Project("{FAE04EC0-301F-11D3-BF4B-00C04F79EFBC}") = "Unity.RenderPipelines.ShaderGraph.ShaderGraphLibrary", "Unity.RenderPipelines.ShaderGraph.ShaderGraphLibrary.Player.csproj", "{0B7E3477-1118-DA72-096F-DF42DE91996E}"
EndProject
Project("{FAE04EC0-301F-11D3-BF4B-00C04F79EFBC}") = "Unity.RenderPipelines.Core.ShaderLibrary", "Unity.RenderPipelines.Core.ShaderLibrary.Player.csproj", "{5A43AF50-0179-82F9-FB61-60276211E251}"
EndProject
Project("{FAE04EC0-301F-11D3-BF4B-00C04F79EFBC}") = "Unity.RenderPipelines.HighDefinition.Config.Runtime", "Unity.RenderPipelines.HighDefinition.Config.Runtime.Player.csproj", "{9C5FC0A7-297B-094A-A0F3-929827A9A957}"
EndProject
Global
	GlobalSection(SolutionConfigurationPlatforms) = preSolution
		Debug|Any CPU = Debug|Any CPU
		Release|Any CPU = Release|Any CPU
	EndGlobalSection
	GlobalSection(ProjectConfigurationPlatforms) = postSolution
		{AA7FBE64-263B-B346-8B6F-B22BC997286A}.Debug|Any CPU.ActiveCfg = Debug|Any CPU
		{AA7FBE64-263B-B346-8B6F-B22BC997286A}.Debug|Any CPU.Build.0 = Debug|Any CPU
		{AA7FBE64-263B-B346-8B6F-B22BC997286A}.Release|Any CPU.ActiveCfg = Release|Any CPU
		{AA7FBE64-263B-B346-8B6F-B22BC997286A}.Release|Any CPU.Build.0 = Release|Any CPU
		{940DF12D-5F2C-FAAB-EC73-4A59A359D8EF}.Debug|Any CPU.ActiveCfg = Debug|Any CPU
		{940DF12D-5F2C-FAAB-EC73-4A59A359D8EF}.Debug|Any CPU.Build.0 = Debug|Any CPU
		{940DF12D-5F2C-FAAB-EC73-4A59A359D8EF}.Release|Any CPU.ActiveCfg = Release|Any CPU
		{940DF12D-5F2C-FAAB-EC73-4A59A359D8EF}.Release|Any CPU.Build.0 = Release|Any CPU
		{EF8E93E1-3197-8683-8852-87AB089974DF}.Debug|Any CPU.ActiveCfg = Debug|Any CPU
		{EF8E93E1-3197-8683-8852-87AB089974DF}.Debug|Any CPU.Build.0 = Debug|Any CPU
		{EF8E93E1-3197-8683-8852-87AB089974DF}.Release|Any CPU.ActiveCfg = Release|Any CPU
		{EF8E93E1-3197-8683-8852-87AB089974DF}.Release|Any CPU.Build.0 = Release|Any CPU
		{43518D8F-5CAD-4E37-F694-CC117FC5F522}.Debug|Any CPU.ActiveCfg = Debug|Any CPU
		{43518D8F-5CAD-4E37-F694-CC117FC5F522}.Debug|Any CPU.Build.0 = Debug|Any CPU
		{43518D8F-5CAD-4E37-F694-CC117FC5F522}.Release|Any CPU.ActiveCfg = Release|Any CPU
		{43518D8F-5CAD-4E37-F694-CC117FC5F522}.Release|Any CPU.Build.0 = Release|Any CPU
		{FA7B7F49-4FFD-A1B7-E62A-19F678F313E5}.Debug|Any CPU.ActiveCfg = Debug|Any CPU
		{FA7B7F49-4FFD-A1B7-E62A-19F678F313E5}.Debug|Any CPU.Build.0 = Debug|Any CPU
		{FA7B7F49-4FFD-A1B7-E62A-19F678F313E5}.Release|Any CPU.ActiveCfg = Release|Any CPU
		{FA7B7F49-4FFD-A1B7-E62A-19F678F313E5}.Release|Any CPU.Build.0 = Release|Any CPU
		{C0C11985-56F0-8FD5-57AF-CAE165BD9F02}.Debug|Any CPU.ActiveCfg = Debug|Any CPU
		{C0C11985-56F0-8FD5-57AF-CAE165BD9F02}.Debug|Any CPU.Build.0 = Debug|Any CPU
		{C0C11985-56F0-8FD5-57AF-CAE165BD9F02}.Release|Any CPU.ActiveCfg = Release|Any CPU
		{C0C11985-56F0-8FD5-57AF-CAE165BD9F02}.Release|Any CPU.Build.0 = Release|Any CPU
		{04657E3B-3104-9E9A-640F-728054344AC5}.Debug|Any CPU.ActiveCfg = Debug|Any CPU
		{04657E3B-3104-9E9A-640F-728054344AC5}.Debug|Any CPU.Build.0 = Debug|Any CPU
		{04657E3B-3104-9E9A-640F-728054344AC5}.Release|Any CPU.ActiveCfg = Release|Any CPU
		{04657E3B-3104-9E9A-640F-728054344AC5}.Release|Any CPU.Build.0 = Release|Any CPU
		{09D2AED7-FC0C-016E-9A8F-E25EDD6229CE}.Debug|Any CPU.ActiveCfg = Debug|Any CPU
		{09D2AED7-FC0C-016E-9A8F-E25EDD6229CE}.Debug|Any CPU.Build.0 = Debug|Any CPU
		{09D2AED7-FC0C-016E-9A8F-E25EDD6229CE}.Release|Any CPU.ActiveCfg = Release|Any CPU
		{09D2AED7-FC0C-016E-9A8F-E25EDD6229CE}.Release|Any CPU.Build.0 = Release|Any CPU
		{5794A17B-DB75-AC83-36EC-58DF6261CE61}.Debug|Any CPU.ActiveCfg = Debug|Any CPU
		{5794A17B-DB75-AC83-36EC-58DF6261CE61}.Debug|Any CPU.Build.0 = Debug|Any CPU
		{5794A17B-DB75-AC83-36EC-58DF6261CE61}.Release|Any CPU.ActiveCfg = Release|Any CPU
		{5794A17B-DB75-AC83-36EC-58DF6261CE61}.Release|Any CPU.Build.0 = Release|Any CPU
		{D79F31A1-6ED5-F452-4C46-FAB241397B09}.Debug|Any CPU.ActiveCfg = Debug|Any CPU
		{D79F31A1-6ED5-F452-4C46-FAB241397B09}.Debug|Any CPU.Build.0 = Debug|Any CPU
		{D79F31A1-6ED5-F452-4C46-FAB241397B09}.Release|Any CPU.ActiveCfg = Release|Any CPU
		{D79F31A1-6ED5-F452-4C46-FAB241397B09}.Release|Any CPU.Build.0 = Release|Any CPU
		{C9E67C8E-B3C5-00C9-8692-18321BB1316F}.Debug|Any CPU.ActiveCfg = Debug|Any CPU
		{C9E67C8E-B3C5-00C9-8692-18321BB1316F}.Debug|Any CPU.Build.0 = Debug|Any CPU
		{C9E67C8E-B3C5-00C9-8692-18321BB1316F}.Release|Any CPU.ActiveCfg = Release|Any CPU
		{C9E67C8E-B3C5-00C9-8692-18321BB1316F}.Release|Any CPU.Build.0 = Release|Any CPU
		{5BABFF21-E2E5-5B71-82CC-18D58FA33791}.Debug|Any CPU.ActiveCfg = Debug|Any CPU
		{5BABFF21-E2E5-5B71-82CC-18D58FA33791}.Debug|Any CPU.Build.0 = Debug|Any CPU
		{5BABFF21-E2E5-5B71-82CC-18D58FA33791}.Release|Any CPU.ActiveCfg = Release|Any CPU
		{5BABFF21-E2E5-5B71-82CC-18D58FA33791}.Release|Any CPU.Build.0 = Release|Any CPU
		{88010452-D432-C8BA-D8FD-D6A80EAD9614}.Debug|Any CPU.ActiveCfg = Debug|Any CPU
		{88010452-D432-C8BA-D8FD-D6A80EAD9614}.Debug|Any CPU.Build.0 = Debug|Any CPU
		{88010452-D432-C8BA-D8FD-D6A80EAD9614}.Release|Any CPU.ActiveCfg = Release|Any CPU
		{88010452-D432-C8BA-D8FD-D6A80EAD9614}.Release|Any CPU.Build.0 = Release|Any CPU
		{FE707390-3B54-5A2A-9471-30D495163943}.Debug|Any CPU.ActiveCfg = Debug|Any CPU
		{FE707390-3B54-5A2A-9471-30D495163943}.Debug|Any CPU.Build.0 = Debug|Any CPU
		{FE707390-3B54-5A2A-9471-30D495163943}.Release|Any CPU.ActiveCfg = Release|Any CPU
		{FE707390-3B54-5A2A-9471-30D495163943}.Release|Any CPU.Build.0 = Release|Any CPU
		{61B57F9B-1BC4-FA84-0864-C190060C31D9}.Debug|Any CPU.ActiveCfg = Debug|Any CPU
		{61B57F9B-1BC4-FA84-0864-C190060C31D9}.Debug|Any CPU.Build.0 = Debug|Any CPU
		{61B57F9B-1BC4-FA84-0864-C190060C31D9}.Release|Any CPU.ActiveCfg = Release|Any CPU
		{61B57F9B-1BC4-FA84-0864-C190060C31D9}.Release|Any CPU.Build.0 = Release|Any CPU
		{99964725-935A-4230-04DF-13581DE9F3F8}.Debug|Any CPU.ActiveCfg = Debug|Any CPU
		{99964725-935A-4230-04DF-13581DE9F3F8}.Debug|Any CPU.Build.0 = Debug|Any CPU
		{99964725-935A-4230-04DF-13581DE9F3F8}.Release|Any CPU.ActiveCfg = Release|Any CPU
		{99964725-935A-4230-04DF-13581DE9F3F8}.Release|Any CPU.Build.0 = Release|Any CPU
		{21FBCE94-060C-3591-E157-FB6F6956FE08}.Debug|Any CPU.ActiveCfg = Debug|Any CPU
		{21FBCE94-060C-3591-E157-FB6F6956FE08}.Debug|Any CPU.Build.0 = Debug|Any CPU
		{21FBCE94-060C-3591-E157-FB6F6956FE08}.Release|Any CPU.ActiveCfg = Release|Any CPU
		{21FBCE94-060C-3591-E157-FB6F6956FE08}.Release|Any CPU.Build.0 = Release|Any CPU
		{026E3F0D-5560-A493-0B47-092C8F0EC86B}.Debug|Any CPU.ActiveCfg = Debug|Any CPU
		{026E3F0D-5560-A493-0B47-092C8F0EC86B}.Debug|Any CPU.Build.0 = Debug|Any CPU
		{026E3F0D-5560-A493-0B47-092C8F0EC86B}.Release|Any CPU.ActiveCfg = Release|Any CPU
		{026E3F0D-5560-A493-0B47-092C8F0EC86B}.Release|Any CPU.Build.0 = Release|Any CPU
		{BD41BC74-6664-5EFE-C905-B922B176B7DE}.Debug|Any CPU.ActiveCfg = Debug|Any CPU
		{BD41BC74-6664-5EFE-C905-B922B176B7DE}.Debug|Any CPU.Build.0 = Debug|Any CPU
		{BD41BC74-6664-5EFE-C905-B922B176B7DE}.Release|Any CPU.ActiveCfg = Release|Any CPU
		{BD41BC74-6664-5EFE-C905-B922B176B7DE}.Release|Any CPU.Build.0 = Release|Any CPU
		{7E4DA9C0-83D6-3C53-5E62-4E2B998217C1}.Debug|Any CPU.ActiveCfg = Debug|Any CPU
		{7E4DA9C0-83D6-3C53-5E62-4E2B998217C1}.Debug|Any CPU.Build.0 = Debug|Any CPU
		{7E4DA9C0-83D6-3C53-5E62-4E2B998217C1}.Release|Any CPU.ActiveCfg = Release|Any CPU
		{7E4DA9C0-83D6-3C53-5E62-4E2B998217C1}.Release|Any CPU.Build.0 = Release|Any CPU
		{A10749AA-0647-AC6B-98CA-C208AEE1007B}.Debug|Any CPU.ActiveCfg = Debug|Any CPU
		{A10749AA-0647-AC6B-98CA-C208AEE1007B}.Debug|Any CPU.Build.0 = Debug|Any CPU
		{A10749AA-0647-AC6B-98CA-C208AEE1007B}.Release|Any CPU.ActiveCfg = Release|Any CPU
		{A10749AA-0647-AC6B-98CA-C208AEE1007B}.Release|Any CPU.Build.0 = Release|Any CPU
		{6C37FD7D-0E7B-BCC5-8E14-42FC875EE6C3}.Debug|Any CPU.ActiveCfg = Debug|Any CPU
		{6C37FD7D-0E7B-BCC5-8E14-42FC875EE6C3}.Debug|Any CPU.Build.0 = Debug|Any CPU
		{6C37FD7D-0E7B-BCC5-8E14-42FC875EE6C3}.Release|Any CPU.ActiveCfg = Release|Any CPU
		{6C37FD7D-0E7B-BCC5-8E14-42FC875EE6C3}.Release|Any CPU.Build.0 = Release|Any CPU
		{FC36C345-BAA9-B94E-6E98-107D309B3385}.Debug|Any CPU.ActiveCfg = Debug|Any CPU
		{FC36C345-BAA9-B94E-6E98-107D309B3385}.Debug|Any CPU.Build.0 = Debug|Any CPU
		{FC36C345-BAA9-B94E-6E98-107D309B3385}.Release|Any CPU.ActiveCfg = Release|Any CPU
		{FC36C345-BAA9-B94E-6E98-107D309B3385}.Release|Any CPU.Build.0 = Release|Any CPU
		{5536BB61-CD7C-1CDB-AEC1-4869F8FBE4B9}.Debug|Any CPU.ActiveCfg = Debug|Any CPU
		{5536BB61-CD7C-1CDB-AEC1-4869F8FBE4B9}.Debug|Any CPU.Build.0 = Debug|Any CPU
		{5536BB61-CD7C-1CDB-AEC1-4869F8FBE4B9}.Release|Any CPU.ActiveCfg = Release|Any CPU
		{5536BB61-CD7C-1CDB-AEC1-4869F8FBE4B9}.Release|Any CPU.Build.0 = Release|Any CPU
		{3A3BA486-61D3-8608-AD87-D69E18DE5E2E}.Debug|Any CPU.ActiveCfg = Debug|Any CPU
		{3A3BA486-61D3-8608-AD87-D69E18DE5E2E}.Debug|Any CPU.Build.0 = Debug|Any CPU
		{3A3BA486-61D3-8608-AD87-D69E18DE5E2E}.Release|Any CPU.ActiveCfg = Release|Any CPU
		{3A3BA486-61D3-8608-AD87-D69E18DE5E2E}.Release|Any CPU.Build.0 = Release|Any CPU
		{FDA64EB8-0BBA-04B9-5E43-76CF64FB4E43}.Debug|Any CPU.ActiveCfg = Debug|Any CPU
		{FDA64EB8-0BBA-04B9-5E43-76CF64FB4E43}.Debug|Any CPU.Build.0 = Debug|Any CPU
		{FDA64EB8-0BBA-04B9-5E43-76CF64FB4E43}.Release|Any CPU.ActiveCfg = Release|Any CPU
		{FDA64EB8-0BBA-04B9-5E43-76CF64FB4E43}.Release|Any CPU.Build.0 = Release|Any CPU
		{915BE21A-C85C-F529-C213-E322B459AE4E}.Debug|Any CPU.ActiveCfg = Debug|Any CPU
		{915BE21A-C85C-F529-C213-E322B459AE4E}.Debug|Any CPU.Build.0 = Debug|Any CPU
		{915BE21A-C85C-F529-C213-E322B459AE4E}.Release|Any CPU.ActiveCfg = Release|Any CPU
		{915BE21A-C85C-F529-C213-E322B459AE4E}.Release|Any CPU.Build.0 = Release|Any CPU
		{5692A7BB-9108-3ECB-D967-A4AAA14AA589}.Debug|Any CPU.ActiveCfg = Debug|Any CPU
		{5692A7BB-9108-3ECB-D967-A4AAA14AA589}.Debug|Any CPU.Build.0 = Debug|Any CPU
		{5692A7BB-9108-3ECB-D967-A4AAA14AA589}.Release|Any CPU.ActiveCfg = Release|Any CPU
		{5692A7BB-9108-3ECB-D967-A4AAA14AA589}.Release|Any CPU.Build.0 = Release|Any CPU
		{2A4988C9-01A7-FD4A-FC49-2C64B86C90A5}.Debug|Any CPU.ActiveCfg = Debug|Any CPU
		{2A4988C9-01A7-FD4A-FC49-2C64B86C90A5}.Debug|Any CPU.Build.0 = Debug|Any CPU
		{2A4988C9-01A7-FD4A-FC49-2C64B86C90A5}.Release|Any CPU.ActiveCfg = Release|Any CPU
		{2A4988C9-01A7-FD4A-FC49-2C64B86C90A5}.Release|Any CPU.Build.0 = Release|Any CPU
		{7CC51042-7BAE-98FD-9E41-A7B78259069A}.Debug|Any CPU.ActiveCfg = Debug|Any CPU
		{7CC51042-7BAE-98FD-9E41-A7B78259069A}.Debug|Any CPU.Build.0 = Debug|Any CPU
		{7CC51042-7BAE-98FD-9E41-A7B78259069A}.Release|Any CPU.ActiveCfg = Release|Any CPU
		{7CC51042-7BAE-98FD-9E41-A7B78259069A}.Release|Any CPU.Build.0 = Release|Any CPU
		{986A5978-5564-B015-6FF5-BE0F470BEB47}.Debug|Any CPU.ActiveCfg = Debug|Any CPU
		{986A5978-5564-B015-6FF5-BE0F470BEB47}.Debug|Any CPU.Build.0 = Debug|Any CPU
		{986A5978-5564-B015-6FF5-BE0F470BEB47}.Release|Any CPU.ActiveCfg = Release|Any CPU
		{986A5978-5564-B015-6FF5-BE0F470BEB47}.Release|Any CPU.Build.0 = Release|Any CPU
		{00D99080-D72D-4EFA-9B01-0BDA5972913D}.Debug|Any CPU.ActiveCfg = Debug|Any CPU
		{00D99080-D72D-4EFA-9B01-0BDA5972913D}.Debug|Any CPU.Build.0 = Debug|Any CPU
		{00D99080-D72D-4EFA-9B01-0BDA5972913D}.Release|Any CPU.ActiveCfg = Release|Any CPU
		{00D99080-D72D-4EFA-9B01-0BDA5972913D}.Release|Any CPU.Build.0 = Release|Any CPU
		{7523D5AB-96B5-C590-DA1E-4A9931816A18}.Debug|Any CPU.ActiveCfg = Debug|Any CPU
		{7523D5AB-96B5-C590-DA1E-4A9931816A18}.Debug|Any CPU.Build.0 = Debug|Any CPU
		{7523D5AB-96B5-C590-DA1E-4A9931816A18}.Release|Any CPU.ActiveCfg = Release|Any CPU
		{7523D5AB-96B5-C590-DA1E-4A9931816A18}.Release|Any CPU.Build.0 = Release|Any CPU
		{FD50044D-CBDA-EA46-ECA7-2CF68F888C15}.Debug|Any CPU.ActiveCfg = Debug|Any CPU
		{FD50044D-CBDA-EA46-ECA7-2CF68F888C15}.Debug|Any CPU.Build.0 = Debug|Any CPU
		{FD50044D-CBDA-EA46-ECA7-2CF68F888C15}.Release|Any CPU.ActiveCfg = Release|Any CPU
		{FD50044D-CBDA-EA46-ECA7-2CF68F888C15}.Release|Any CPU.Build.0 = Release|Any CPU
		{EE62033F-C5BF-6E15-8AC7-1FF1F50F8C3B}.Debug|Any CPU.ActiveCfg = Debug|Any CPU
		{EE62033F-C5BF-6E15-8AC7-1FF1F50F8C3B}.Debug|Any CPU.Build.0 = Debug|Any CPU
		{EE62033F-C5BF-6E15-8AC7-1FF1F50F8C3B}.Release|Any CPU.ActiveCfg = Release|Any CPU
		{EE62033F-C5BF-6E15-8AC7-1FF1F50F8C3B}.Release|Any CPU.Build.0 = Release|Any CPU
		{AAAFF7C4-5996-888F-E291-8C02E7BBE18E}.Debug|Any CPU.ActiveCfg = Debug|Any CPU
		{AAAFF7C4-5996-888F-E291-8C02E7BBE18E}.Debug|Any CPU.Build.0 = Debug|Any CPU
		{AAAFF7C4-5996-888F-E291-8C02E7BBE18E}.Release|Any CPU.ActiveCfg = Release|Any CPU
		{AAAFF7C4-5996-888F-E291-8C02E7BBE18E}.Release|Any CPU.Build.0 = Release|Any CPU
		{00749452-1692-F834-7000-B3B5747BFBAB}.Debug|Any CPU.ActiveCfg = Debug|Any CPU
		{00749452-1692-F834-7000-B3B5747BFBAB}.Debug|Any CPU.Build.0 = Debug|Any CPU
		{00749452-1692-F834-7000-B3B5747BFBAB}.Release|Any CPU.ActiveCfg = Release|Any CPU
		{00749452-1692-F834-7000-B3B5747BFBAB}.Release|Any CPU.Build.0 = Release|Any CPU
		{FCEC6B23-7BE1-738C-E8EF-990894DC9A0D}.Debug|Any CPU.ActiveCfg = Debug|Any CPU
		{FCEC6B23-7BE1-738C-E8EF-990894DC9A0D}.Debug|Any CPU.Build.0 = Debug|Any CPU
		{FCEC6B23-7BE1-738C-E8EF-990894DC9A0D}.Release|Any CPU.ActiveCfg = Release|Any CPU
		{FCEC6B23-7BE1-738C-E8EF-990894DC9A0D}.Release|Any CPU.Build.0 = Release|Any CPU
		{D502E2FE-B17B-985F-F820-7DEEF26523CC}.Debug|Any CPU.ActiveCfg = Debug|Any CPU
		{D502E2FE-B17B-985F-F820-7DEEF26523CC}.Debug|Any CPU.Build.0 = Debug|Any CPU
		{D502E2FE-B17B-985F-F820-7DEEF26523CC}.Release|Any CPU.ActiveCfg = Release|Any CPU
		{D502E2FE-B17B-985F-F820-7DEEF26523CC}.Release|Any CPU.Build.0 = Release|Any CPU
		{BCB2C808-8353-ED0B-3F10-BAFA344A670B}.Debug|Any CPU.ActiveCfg = Debug|Any CPU
		{BCB2C808-8353-ED0B-3F10-BAFA344A670B}.Debug|Any CPU.Build.0 = Debug|Any CPU
		{BCB2C808-8353-ED0B-3F10-BAFA344A670B}.Release|Any CPU.ActiveCfg = Release|Any CPU
		{BCB2C808-8353-ED0B-3F10-BAFA344A670B}.Release|Any CPU.Build.0 = Release|Any CPU
		{A849555D-174F-A8F4-DA8A-27CA8FE195B3}.Debug|Any CPU.ActiveCfg = Debug|Any CPU
		{A849555D-174F-A8F4-DA8A-27CA8FE195B3}.Debug|Any CPU.Build.0 = Debug|Any CPU
		{A849555D-174F-A8F4-DA8A-27CA8FE195B3}.Release|Any CPU.ActiveCfg = Release|Any CPU
		{A849555D-174F-A8F4-DA8A-27CA8FE195B3}.Release|Any CPU.Build.0 = Release|Any CPU
		{B6E3EDDD-FDE0-8BD6-F9BD-3BCE62F13F2D}.Debug|Any CPU.ActiveCfg = Debug|Any CPU
		{B6E3EDDD-FDE0-8BD6-F9BD-3BCE62F13F2D}.Debug|Any CPU.Build.0 = Debug|Any CPU
		{B6E3EDDD-FDE0-8BD6-F9BD-3BCE62F13F2D}.Release|Any CPU.ActiveCfg = Release|Any CPU
		{B6E3EDDD-FDE0-8BD6-F9BD-3BCE62F13F2D}.Release|Any CPU.Build.0 = Release|Any CPU
		{4AE16C37-10D6-CAD6-0484-7724ED834DD0}.Debug|Any CPU.ActiveCfg = Debug|Any CPU
		{4AE16C37-10D6-CAD6-0484-7724ED834DD0}.Debug|Any CPU.Build.0 = Debug|Any CPU
		{4AE16C37-10D6-CAD6-0484-7724ED834DD0}.Release|Any CPU.ActiveCfg = Release|Any CPU
		{4AE16C37-10D6-CAD6-0484-7724ED834DD0}.Release|Any CPU.Build.0 = Release|Any CPU
		{F9455158-3C93-C1C7-E5AE-E45C6049B029}.Debug|Any CPU.ActiveCfg = Debug|Any CPU
		{F9455158-3C93-C1C7-E5AE-E45C6049B029}.Debug|Any CPU.Build.0 = Debug|Any CPU
		{F9455158-3C93-C1C7-E5AE-E45C6049B029}.Release|Any CPU.ActiveCfg = Release|Any CPU
		{F9455158-3C93-C1C7-E5AE-E45C6049B029}.Release|Any CPU.Build.0 = Release|Any CPU
		{A5C590E4-D3E9-1196-BCDA-02206CB686CE}.Debug|Any CPU.ActiveCfg = Debug|Any CPU
		{A5C590E4-D3E9-1196-BCDA-02206CB686CE}.Debug|Any CPU.Build.0 = Debug|Any CPU
		{A5C590E4-D3E9-1196-BCDA-02206CB686CE}.Release|Any CPU.ActiveCfg = Release|Any CPU
		{A5C590E4-D3E9-1196-BCDA-02206CB686CE}.Release|Any CPU.Build.0 = Release|Any CPU
		{496CACE7-2C76-739D-CE6A-1F3815577E7E}.Debug|Any CPU.ActiveCfg = Debug|Any CPU
		{496CACE7-2C76-739D-CE6A-1F3815577E7E}.Debug|Any CPU.Build.0 = Debug|Any CPU
		{496CACE7-2C76-739D-CE6A-1F3815577E7E}.Release|Any CPU.ActiveCfg = Release|Any CPU
		{496CACE7-2C76-739D-CE6A-1F3815577E7E}.Release|Any CPU.Build.0 = Release|Any CPU
		{BD19D064-57A1-840D-AC65-3F62C542EE8D}.Debug|Any CPU.ActiveCfg = Debug|Any CPU
		{BD19D064-57A1-840D-AC65-3F62C542EE8D}.Debug|Any CPU.Build.0 = Debug|Any CPU
		{BD19D064-57A1-840D-AC65-3F62C542EE8D}.Release|Any CPU.ActiveCfg = Release|Any CPU
		{BD19D064-57A1-840D-AC65-3F62C542EE8D}.Release|Any CPU.Build.0 = Release|Any CPU
		{9597AABB-60F5-1EBD-4B4D-CADE177B71B6}.Debug|Any CPU.ActiveCfg = Debug|Any CPU
		{9597AABB-60F5-1EBD-4B4D-CADE177B71B6}.Debug|Any CPU.Build.0 = Debug|Any CPU
		{9597AABB-60F5-1EBD-4B4D-CADE177B71B6}.Release|Any CPU.ActiveCfg = Release|Any CPU
		{9597AABB-60F5-1EBD-4B4D-CADE177B71B6}.Release|Any CPU.Build.0 = Release|Any CPU
		{CE24A7B7-3D99-57F2-4E5A-7006BB79E164}.Debug|Any CPU.ActiveCfg = Debug|Any CPU
		{CE24A7B7-3D99-57F2-4E5A-7006BB79E164}.Debug|Any CPU.Build.0 = Debug|Any CPU
		{CE24A7B7-3D99-57F2-4E5A-7006BB79E164}.Release|Any CPU.ActiveCfg = Release|Any CPU
		{CE24A7B7-3D99-57F2-4E5A-7006BB79E164}.Release|Any CPU.Build.0 = Release|Any CPU
		{CE0DF995-DDBB-850B-C489-D847C480DC5A}.Debug|Any CPU.ActiveCfg = Debug|Any CPU
		{CE0DF995-DDBB-850B-C489-D847C480DC5A}.Debug|Any CPU.Build.0 = Debug|Any CPU
		{CE0DF995-DDBB-850B-C489-D847C480DC5A}.Release|Any CPU.ActiveCfg = Release|Any CPU
		{CE0DF995-DDBB-850B-C489-D847C480DC5A}.Release|Any CPU.Build.0 = Release|Any CPU
		{6E843F17-B532-1954-F68E-6AA876C2E083}.Debug|Any CPU.ActiveCfg = Debug|Any CPU
		{6E843F17-B532-1954-F68E-6AA876C2E083}.Debug|Any CPU.Build.0 = Debug|Any CPU
		{6E843F17-B532-1954-F68E-6AA876C2E083}.Release|Any CPU.ActiveCfg = Release|Any CPU
		{6E843F17-B532-1954-F68E-6AA876C2E083}.Release|Any CPU.Build.0 = Release|Any CPU
		{8F87EF68-C776-06B4-4CA0-CA9B73897EB8}.Debug|Any CPU.ActiveCfg = Debug|Any CPU
		{8F87EF68-C776-06B4-4CA0-CA9B73897EB8}.Debug|Any CPU.Build.0 = Debug|Any CPU
		{8F87EF68-C776-06B4-4CA0-CA9B73897EB8}.Release|Any CPU.ActiveCfg = Release|Any CPU
		{8F87EF68-C776-06B4-4CA0-CA9B73897EB8}.Release|Any CPU.Build.0 = Release|Any CPU
		{3DAEAF17-2B86-BAB9-7F0C-2B866BF735E6}.Debug|Any CPU.ActiveCfg = Debug|Any CPU
		{3DAEAF17-2B86-BAB9-7F0C-2B866BF735E6}.Debug|Any CPU.Build.0 = Debug|Any CPU
		{3DAEAF17-2B86-BAB9-7F0C-2B866BF735E6}.Release|Any CPU.ActiveCfg = Release|Any CPU
		{3DAEAF17-2B86-BAB9-7F0C-2B866BF735E6}.Release|Any CPU.Build.0 = Release|Any CPU
		{B1644C8B-0795-0148-33A5-12C1FEE403C1}.Debug|Any CPU.ActiveCfg = Debug|Any CPU
		{B1644C8B-0795-0148-33A5-12C1FEE403C1}.Debug|Any CPU.Build.0 = Debug|Any CPU
		{B1644C8B-0795-0148-33A5-12C1FEE403C1}.Release|Any CPU.ActiveCfg = Release|Any CPU
		{B1644C8B-0795-0148-33A5-12C1FEE403C1}.Release|Any CPU.Build.0 = Release|Any CPU
		{B4B2EC7F-A334-C3F0-3555-E6CBDB47E6F5}.Debug|Any CPU.ActiveCfg = Debug|Any CPU
		{B4B2EC7F-A334-C3F0-3555-E6CBDB47E6F5}.Debug|Any CPU.Build.0 = Debug|Any CPU
		{B4B2EC7F-A334-C3F0-3555-E6CBDB47E6F5}.Release|Any CPU.ActiveCfg = Release|Any CPU
		{B4B2EC7F-A334-C3F0-3555-E6CBDB47E6F5}.Release|Any CPU.Build.0 = Release|Any CPU
		{A056CEF8-2FB0-6F16-1360-3CF87DEB353F}.Debug|Any CPU.ActiveCfg = Debug|Any CPU
		{A056CEF8-2FB0-6F16-1360-3CF87DEB353F}.Debug|Any CPU.Build.0 = Debug|Any CPU
		{A056CEF8-2FB0-6F16-1360-3CF87DEB353F}.Release|Any CPU.ActiveCfg = Release|Any CPU
		{A056CEF8-2FB0-6F16-1360-3CF87DEB353F}.Release|Any CPU.Build.0 = Release|Any CPU
		{6A9B37AA-0F28-16E8-9E0F-902F5DB5E600}.Debug|Any CPU.ActiveCfg = Debug|Any CPU
		{6A9B37AA-0F28-16E8-9E0F-902F5DB5E600}.Debug|Any CPU.Build.0 = Debug|Any CPU
		{6A9B37AA-0F28-16E8-9E0F-902F5DB5E600}.Release|Any CPU.ActiveCfg = Release|Any CPU
		{6A9B37AA-0F28-16E8-9E0F-902F5DB5E600}.Release|Any CPU.Build.0 = Release|Any CPU
		{C99F5120-26A4-64BB-91D6-13AB32CBCF16}.Debug|Any CPU.ActiveCfg = Debug|Any CPU
		{C99F5120-26A4-64BB-91D6-13AB32CBCF16}.Debug|Any CPU.Build.0 = Debug|Any CPU
		{C99F5120-26A4-64BB-91D6-13AB32CBCF16}.Release|Any CPU.ActiveCfg = Release|Any CPU
		{C99F5120-26A4-64BB-91D6-13AB32CBCF16}.Release|Any CPU.Build.0 = Release|Any CPU
		{F3E3AEC4-8DE7-3273-4167-F4BE82408075}.Debug|Any CPU.ActiveCfg = Debug|Any CPU
		{F3E3AEC4-8DE7-3273-4167-F4BE82408075}.Debug|Any CPU.Build.0 = Debug|Any CPU
		{F3E3AEC4-8DE7-3273-4167-F4BE82408075}.Release|Any CPU.ActiveCfg = Release|Any CPU
		{F3E3AEC4-8DE7-3273-4167-F4BE82408075}.Release|Any CPU.Build.0 = Release|Any CPU
		{AD202DD3-0EE8-480C-1BDF-BC92000E2BCD}.Debug|Any CPU.ActiveCfg = Debug|Any CPU
		{AD202DD3-0EE8-480C-1BDF-BC92000E2BCD}.Debug|Any CPU.Build.0 = Debug|Any CPU
		{AD202DD3-0EE8-480C-1BDF-BC92000E2BCD}.Release|Any CPU.ActiveCfg = Release|Any CPU
		{AD202DD3-0EE8-480C-1BDF-BC92000E2BCD}.Release|Any CPU.Build.0 = Release|Any CPU
		{19788956-2878-CB7B-398E-DC486DB5CA67}.Debug|Any CPU.ActiveCfg = Debug|Any CPU
		{19788956-2878-CB7B-398E-DC486DB5CA67}.Debug|Any CPU.Build.0 = Debug|Any CPU
		{19788956-2878-CB7B-398E-DC486DB5CA67}.Release|Any CPU.ActiveCfg = Release|Any CPU
		{19788956-2878-CB7B-398E-DC486DB5CA67}.Release|Any CPU.Build.0 = Release|Any CPU
		{92647989-E7C8-12E2-C4CD-3EA463FBA4D3}.Debug|Any CPU.ActiveCfg = Debug|Any CPU
		{92647989-E7C8-12E2-C4CD-3EA463FBA4D3}.Debug|Any CPU.Build.0 = Debug|Any CPU
		{92647989-E7C8-12E2-C4CD-3EA463FBA4D3}.Release|Any CPU.ActiveCfg = Release|Any CPU
		{92647989-E7C8-12E2-C4CD-3EA463FBA4D3}.Release|Any CPU.Build.0 = Release|Any CPU
		{9F35BD4D-AD5E-EC11-870C-1DB1B9C34258}.Debug|Any CPU.ActiveCfg = Debug|Any CPU
		{9F35BD4D-AD5E-EC11-870C-1DB1B9C34258}.Debug|Any CPU.Build.0 = Debug|Any CPU
		{9F35BD4D-AD5E-EC11-870C-1DB1B9C34258}.Release|Any CPU.ActiveCfg = Release|Any CPU
		{9F35BD4D-AD5E-EC11-870C-1DB1B9C34258}.Release|Any CPU.Build.0 = Release|Any CPU
		{51716484-B1DD-09DA-9C12-2C2F222DB51F}.Debug|Any CPU.ActiveCfg = Debug|Any CPU
		{51716484-B1DD-09DA-9C12-2C2F222DB51F}.Debug|Any CPU.Build.0 = Debug|Any CPU
		{51716484-B1DD-09DA-9C12-2C2F222DB51F}.Release|Any CPU.ActiveCfg = Release|Any CPU
		{51716484-B1DD-09DA-9C12-2C2F222DB51F}.Release|Any CPU.Build.0 = Release|Any CPU
		{490F4160-A9D1-2962-BA30-74BA0BD593EF}.Debug|Any CPU.ActiveCfg = Debug|Any CPU
		{490F4160-A9D1-2962-BA30-74BA0BD593EF}.Debug|Any CPU.Build.0 = Debug|Any CPU
		{490F4160-A9D1-2962-BA30-74BA0BD593EF}.Release|Any CPU.ActiveCfg = Release|Any CPU
		{490F4160-A9D1-2962-BA30-74BA0BD593EF}.Release|Any CPU.Build.0 = Release|Any CPU
		{93BB2CD6-503A-A011-DE7C-775580963D03}.Debug|Any CPU.ActiveCfg = Debug|Any CPU
		{93BB2CD6-503A-A011-DE7C-775580963D03}.Debug|Any CPU.Build.0 = Debug|Any CPU
		{93BB2CD6-503A-A011-DE7C-775580963D03}.Release|Any CPU.ActiveCfg = Release|Any CPU
		{93BB2CD6-503A-A011-DE7C-775580963D03}.Release|Any CPU.Build.0 = Release|Any CPU
		{E0FC55E3-C262-BDD9-9ADB-6F25CCB8D0A2}.Debug|Any CPU.ActiveCfg = Debug|Any CPU
		{E0FC55E3-C262-BDD9-9ADB-6F25CCB8D0A2}.Debug|Any CPU.Build.0 = Debug|Any CPU
		{E0FC55E3-C262-BDD9-9ADB-6F25CCB8D0A2}.Release|Any CPU.ActiveCfg = Release|Any CPU
		{E0FC55E3-C262-BDD9-9ADB-6F25CCB8D0A2}.Release|Any CPU.Build.0 = Release|Any CPU
		{7673A60E-55D8-07B5-C402-C466A441AFFB}.Debug|Any CPU.ActiveCfg = Debug|Any CPU
		{7673A60E-55D8-07B5-C402-C466A441AFFB}.Debug|Any CPU.Build.0 = Debug|Any CPU
		{7673A60E-55D8-07B5-C402-C466A441AFFB}.Release|Any CPU.ActiveCfg = Release|Any CPU
		{7673A60E-55D8-07B5-C402-C466A441AFFB}.Release|Any CPU.Build.0 = Release|Any CPU
		{E1D580A6-590B-14D6-E8AF-9E58A519E6C3}.Debug|Any CPU.ActiveCfg = Debug|Any CPU
		{E1D580A6-590B-14D6-E8AF-9E58A519E6C3}.Debug|Any CPU.Build.0 = Debug|Any CPU
		{E1D580A6-590B-14D6-E8AF-9E58A519E6C3}.Release|Any CPU.ActiveCfg = Release|Any CPU
		{E1D580A6-590B-14D6-E8AF-9E58A519E6C3}.Release|Any CPU.Build.0 = Release|Any CPU
		{CDF7C45B-233F-2A47-2727-90BB15271009}.Debug|Any CPU.ActiveCfg = Debug|Any CPU
		{CDF7C45B-233F-2A47-2727-90BB15271009}.Debug|Any CPU.Build.0 = Debug|Any CPU
		{CDF7C45B-233F-2A47-2727-90BB15271009}.Release|Any CPU.ActiveCfg = Release|Any CPU
		{CDF7C45B-233F-2A47-2727-90BB15271009}.Release|Any CPU.Build.0 = Release|Any CPU
		{9F8C4208-BC93-E4A2-C03A-90453E3D6522}.Debug|Any CPU.ActiveCfg = Debug|Any CPU
		{9F8C4208-BC93-E4A2-C03A-90453E3D6522}.Debug|Any CPU.Build.0 = Debug|Any CPU
		{9F8C4208-BC93-E4A2-C03A-90453E3D6522}.Release|Any CPU.ActiveCfg = Release|Any CPU
		{9F8C4208-BC93-E4A2-C03A-90453E3D6522}.Release|Any CPU.Build.0 = Release|Any CPU
		{44023829-B142-F6B2-3715-E6392837564F}.Debug|Any CPU.ActiveCfg = Debug|Any CPU
		{44023829-B142-F6B2-3715-E6392837564F}.Debug|Any CPU.Build.0 = Debug|Any CPU
		{44023829-B142-F6B2-3715-E6392837564F}.Release|Any CPU.ActiveCfg = Release|Any CPU
		{44023829-B142-F6B2-3715-E6392837564F}.Release|Any CPU.Build.0 = Release|Any CPU
		{A3C67020-C946-FC83-0F27-874A304F8FBD}.Debug|Any CPU.ActiveCfg = Debug|Any CPU
		{A3C67020-C946-FC83-0F27-874A304F8FBD}.Debug|Any CPU.Build.0 = Debug|Any CPU
		{A3C67020-C946-FC83-0F27-874A304F8FBD}.Release|Any CPU.ActiveCfg = Release|Any CPU
		{A3C67020-C946-FC83-0F27-874A304F8FBD}.Release|Any CPU.Build.0 = Release|Any CPU
		{68833C0F-2ACA-B502-B44B-A85C4F9234C8}.Debug|Any CPU.ActiveCfg = Debug|Any CPU
		{68833C0F-2ACA-B502-B44B-A85C4F9234C8}.Debug|Any CPU.Build.0 = Debug|Any CPU
		{68833C0F-2ACA-B502-B44B-A85C4F9234C8}.Release|Any CPU.ActiveCfg = Release|Any CPU
		{68833C0F-2ACA-B502-B44B-A85C4F9234C8}.Release|Any CPU.Build.0 = Release|Any CPU
		{EB3AB563-FC25-B5FB-5ACD-98EB93B7A275}.Debug|Any CPU.ActiveCfg = Debug|Any CPU
		{EB3AB563-FC25-B5FB-5ACD-98EB93B7A275}.Debug|Any CPU.Build.0 = Debug|Any CPU
		{EB3AB563-FC25-B5FB-5ACD-98EB93B7A275}.Release|Any CPU.ActiveCfg = Release|Any CPU
		{EB3AB563-FC25-B5FB-5ACD-98EB93B7A275}.Release|Any CPU.Build.0 = Release|Any CPU
		{354FCA66-BCA8-E263-0B9E-615AEB5FA520}.Debug|Any CPU.ActiveCfg = Debug|Any CPU
		{354FCA66-BCA8-E263-0B9E-615AEB5FA520}.Debug|Any CPU.Build.0 = Debug|Any CPU
		{354FCA66-BCA8-E263-0B9E-615AEB5FA520}.Release|Any CPU.ActiveCfg = Release|Any CPU
		{354FCA66-BCA8-E263-0B9E-615AEB5FA520}.Release|Any CPU.Build.0 = Release|Any CPU
		{9C1CE29F-E75A-0A4A-FF15-0F30D0DC38AB}.Debug|Any CPU.ActiveCfg = Debug|Any CPU
		{9C1CE29F-E75A-0A4A-FF15-0F30D0DC38AB}.Debug|Any CPU.Build.0 = Debug|Any CPU
		{9C1CE29F-E75A-0A4A-FF15-0F30D0DC38AB}.Release|Any CPU.ActiveCfg = Release|Any CPU
		{9C1CE29F-E75A-0A4A-FF15-0F30D0DC38AB}.Release|Any CPU.Build.0 = Release|Any CPU
		{654CB987-1505-EFF2-1ADE-2E52124AB439}.Debug|Any CPU.ActiveCfg = Debug|Any CPU
		{654CB987-1505-EFF2-1ADE-2E52124AB439}.Debug|Any CPU.Build.0 = Debug|Any CPU
		{654CB987-1505-EFF2-1ADE-2E52124AB439}.Release|Any CPU.ActiveCfg = Release|Any CPU
		{654CB987-1505-EFF2-1ADE-2E52124AB439}.Release|Any CPU.Build.0 = Release|Any CPU
		{9F6AE9F8-76BE-2666-A03D-49EAC402CF09}.Debug|Any CPU.ActiveCfg = Debug|Any CPU
		{9F6AE9F8-76BE-2666-A03D-49EAC402CF09}.Debug|Any CPU.Build.0 = Debug|Any CPU
		{9F6AE9F8-76BE-2666-A03D-49EAC402CF09}.Release|Any CPU.ActiveCfg = Release|Any CPU
		{9F6AE9F8-76BE-2666-A03D-49EAC402CF09}.Release|Any CPU.Build.0 = Release|Any CPU
		{21D2B91B-B6E3-2465-B0AA-4E191CBA143D}.Debug|Any CPU.ActiveCfg = Debug|Any CPU
		{21D2B91B-B6E3-2465-B0AA-4E191CBA143D}.Debug|Any CPU.Build.0 = Debug|Any CPU
		{21D2B91B-B6E3-2465-B0AA-4E191CBA143D}.Release|Any CPU.ActiveCfg = Release|Any CPU
		{21D2B91B-B6E3-2465-B0AA-4E191CBA143D}.Release|Any CPU.Build.0 = Release|Any CPU
		{996AF9F4-EC47-7C54-0C7A-51C7D68F9369}.Debug|Any CPU.ActiveCfg = Debug|Any CPU
		{996AF9F4-EC47-7C54-0C7A-51C7D68F9369}.Debug|Any CPU.Build.0 = Debug|Any CPU
		{996AF9F4-EC47-7C54-0C7A-51C7D68F9369}.Release|Any CPU.ActiveCfg = Release|Any CPU
		{996AF9F4-EC47-7C54-0C7A-51C7D68F9369}.Release|Any CPU.Build.0 = Release|Any CPU
		{9EF39006-E07F-5884-91E7-B8E01F30AC86}.Debug|Any CPU.ActiveCfg = Debug|Any CPU
		{9EF39006-E07F-5884-91E7-B8E01F30AC86}.Debug|Any CPU.Build.0 = Debug|Any CPU
		{9EF39006-E07F-5884-91E7-B8E01F30AC86}.Release|Any CPU.ActiveCfg = Release|Any CPU
		{9EF39006-E07F-5884-91E7-B8E01F30AC86}.Release|Any CPU.Build.0 = Release|Any CPU
		{A2D44B8B-DFAE-C1C9-2CDE-E1BF13A6253E}.Debug|Any CPU.ActiveCfg = Debug|Any CPU
		{A2D44B8B-DFAE-C1C9-2CDE-E1BF13A6253E}.Debug|Any CPU.Build.0 = Debug|Any CPU
		{A2D44B8B-DFAE-C1C9-2CDE-E1BF13A6253E}.Release|Any CPU.ActiveCfg = Release|Any CPU
		{A2D44B8B-DFAE-C1C9-2CDE-E1BF13A6253E}.Release|Any CPU.Build.0 = Release|Any CPU
		{22402472-3F4F-58E0-2408-61C36C0C5FCF}.Debug|Any CPU.ActiveCfg = Debug|Any CPU
		{22402472-3F4F-58E0-2408-61C36C0C5FCF}.Debug|Any CPU.Build.0 = Debug|Any CPU
		{22402472-3F4F-58E0-2408-61C36C0C5FCF}.Release|Any CPU.ActiveCfg = Release|Any CPU
		{22402472-3F4F-58E0-2408-61C36C0C5FCF}.Release|Any CPU.Build.0 = Release|Any CPU
		{0B7E3477-1118-DA72-096F-DF42DE91996E}.Debug|Any CPU.ActiveCfg = Debug|Any CPU
		{0B7E3477-1118-DA72-096F-DF42DE91996E}.Debug|Any CPU.Build.0 = Debug|Any CPU
		{0B7E3477-1118-DA72-096F-DF42DE91996E}.Release|Any CPU.ActiveCfg = Release|Any CPU
		{0B7E3477-1118-DA72-096F-DF42DE91996E}.Release|Any CPU.Build.0 = Release|Any CPU
		{5A43AF50-0179-82F9-FB61-60276211E251}.Debug|Any CPU.ActiveCfg = Debug|Any CPU
		{5A43AF50-0179-82F9-FB61-60276211E251}.Debug|Any CPU.Build.0 = Debug|Any CPU
		{5A43AF50-0179-82F9-FB61-60276211E251}.Release|Any CPU.ActiveCfg = Release|Any CPU
		{5A43AF50-0179-82F9-FB61-60276211E251}.Release|Any CPU.Build.0 = Release|Any CPU
		{9C5FC0A7-297B-094A-A0F3-929827A9A957}.Debug|Any CPU.ActiveCfg = Debug|Any CPU
		{9C5FC0A7-297B-094A-A0F3-929827A9A957}.Debug|Any CPU.Build.0 = Debug|Any CPU
		{9C5FC0A7-297B-094A-A0F3-929827A9A957}.Release|Any CPU.ActiveCfg = Release|Any CPU
		{9C5FC0A7-297B-094A-A0F3-929827A9A957}.Release|Any CPU.Build.0 = Release|Any CPU
	EndGlobalSection
	GlobalSection(SolutionProperties) = preSolution
		HideSolutionNode = FALSE
	EndGlobalSection
EndGlobal
